<?xml version="1.0" encoding="utf-8"?>
<Project ToolsVersion="4.0" xmlns="http://schemas.microsoft.com/developer/msbuild/2003">
  <ItemGroup>
    <Filter Include="src">
      <UniqueIdentifier>{35fae69d-3f1b-4da9-9f0c-919386ce919c}</UniqueIdentifier>
    </Filter>
    <Filter Include="src\client">
      <UniqueIdentifier>{654952c6-6701-4e16-97bb-677d2743e931}</UniqueIdentifier>
    </Filter>
    <Filter Include="src_imported">
      <UniqueIdentifier>{7c7e18d0-fafd-4e62-855f-e161c84f405b}</UniqueIdentifier>
    </Filter>
    <Filter Include="src_imported\from_obs_studio_ui">
      <UniqueIdentifier>{4a3de959-8088-4e52-9612-c6f5c2e1493f}</UniqueIdentifier>
    </Filter>
    <Filter Include="src\obs">
      <UniqueIdentifier>{15705bdc-fd80-4f72-993c-e286cc470ef0}</UniqueIdentifier>
    </Filter>
    <Filter Include="src\render_process">
      <UniqueIdentifier>{d86915cb-d3bf-4970-be60-34772d99a8f9}</UniqueIdentifier>
    </Filter>
  </ItemGroup>
  <ItemGroup>
    <ClCompile Include="..\src\browser_process_handler.cc">
      <Filter>src</Filter>
    </ClCompile>
    <ClCompile Include="..\src\client.cc">
      <Filter>src</Filter>
    </ClCompile>
    <ClCompile Include="..\src\client\client_display_handler.cc">
      <Filter>src\client</Filter>
    </ClCompile>
    <ClCompile Include="..\src\client\client_life_span_handler.cc">
      <Filter>src\client</Filter>
    </ClCompile>
    <ClCompile Include="..\src\client\client_load_handler.cc">
      <Filter>src\client</Filter>
    </ClCompile>
    <ClCompile Include="..\src\client\client_request_handler.cc">
      <Filter>src\client</Filter>
    </ClCompile>
    <ClCompile Include="..\src\main.cc">
      <Filter>src</Filter>
    </ClCompile>
    <ClCompile Include="..\src\obs.cc">
      <Filter>src</Filter>
    </ClCompile>
    <ClCompile Include="..\src\js_executor.cc">
      <Filter>src</Filter>
    </ClCompile>
    <ClCompile Include="..\src_imported\from_obs_studio_ui\obs-app.cpp">
      <Filter>src_imported\from_obs_studio_ui</Filter>
    </ClCompile>
    <ClCompile Include="..\src\obs\obs_output.cc">
      <Filter>src\obs</Filter>
    </ClCompile>
    <ClCompile Include="..\src\browser_app.cc">
      <Filter>src</Filter>
    </ClCompile>
    <ClCompile Include="..\src\render_app.cc">
      <Filter>src</Filter>
    </ClCompile>
    <ClCompile Include="..\src\render_process_handler.cc">
      <Filter>src</Filter>
    </ClCompile>
    <ClCompile Include="..\src\render_process\render_load_handler.cc">
      <Filter>src\render_process</Filter>
    </ClCompile>
  </ItemGroup>
  <ItemGroup>
    <ClInclude Include="..\src\browser_process_handler.h">
      <Filter>src</Filter>
    </ClInclude>
    <ClInclude Include="..\src\client.h">
      <Filter>src</Filter>
    </ClInclude>
    <ClInclude Include="..\src\manifest.h">
      <Filter>src</Filter>
    </ClInclude>
    <ClInclude Include="..\src\client\client_display_handler.h">
      <Filter>src\client</Filter>
    </ClInclude>
    <ClInclude Include="..\src\client\client_life_span_handler.h">
      <Filter>src\client</Filter>
    </ClInclude>
    <ClInclude Include="..\src\client\client_load_handler.h">
      <Filter>src\client</Filter>
    </ClInclude>
    <ClInclude Include="..\src\client\client_request_handler.h">
      <Filter>src\client</Filter>
    </ClInclude>
    <ClInclude Include="..\src\resource.h">
      <Filter>src</Filter>
    </ClInclude>
    <ClInclude Include="..\src\obs.h">
      <Filter>src</Filter>
    </ClInclude>
    <ClInclude Include="..\src\js_executor.h">
      <Filter>src</Filter>
    </ClInclude>
    <ClInclude Include="..\src_imported\from_obs_studio_ui\obs-app.hpp">
      <Filter>src_imported\from_obs_studio_ui</Filter>
    </ClInclude>
    <ClInclude Include="..\src\obs\obs_output.h">
      <Filter>src\obs</Filter>
    </ClInclude>
    <ClInclude Include="..\src\browser_app.h">
      <Filter>src</Filter>
    </ClInclude>
    <ClInclude Include="..\src\render_app.h">
      <Filter>src</Filter>
    </ClInclude>
    <ClInclude Include="..\src\render_process_handler.h">
      <Filter>src</Filter>
    </ClInclude>
    <ClInclude Include="..\src\render_process\render_load_handler.h">
      <Filter>src\render_process</Filter>
    </ClInclude>
  </ItemGroup>
  <ItemGroup>
    <ResourceCompile Include="..\src\ncstreamer.rc">
      <Filter>src</Filter>
    </ResourceCompile>
  </ItemGroup>
  <ItemGroup>
    <None Include="..\src_imported\readme.md">
      <Filter>src_imported</Filter>
    </None>
  </ItemGroup>
</Project>