<?xml version="1.0" encoding="utf-8"?>
<Project ToolsVersion="4.0" xmlns="http://schemas.microsoft.com/developer/msbuild/2003">
  <ItemGroup>
    <Filter Include="template">
      <UniqueIdentifier>{073216e5-f21a-4180-98ea-80e3fdc9a89b}</UniqueIdentifier>
    </Filter>
    <Filter Include="static">
      <UniqueIdentifier>{493ebb1b-c305-4537-8ad7-98e8d5ebd8f5}</UniqueIdentifier>
    </Filter>
    <Filter Include="static\app">
      <UniqueIdentifier>{d7134c7d-4067-4717-9c1c-1593c0de1687}</UniqueIdentifier>
    </Filter>
    <Filter Include="static\lib">
      <UniqueIdentifier>{98c7e69d-c470-4296-aaf2-e6460c992bba}</UniqueIdentifier>
    </Filter>
    <Filter Include="build_tools">
      <UniqueIdentifier>{e8ed4de3-d494-4acc-9a13-4da1b2fb6f05}</UniqueIdentifier>
    </Filter>
  </ItemGroup>
  <ItemGroup>
    <ClInclude Include="..\ncstreamer_ui\static\app.css">
      <Filter>static</Filter>
    </ClInclude>
    <ClInclude Include="..\ncstreamer_ui\template\app.html">
      <Filter>template</Filter>
    </ClInclude>
    <ClInclude Include="..\ncstreamer_ui\template\app.js">
      <Filter>template</Filter>
    </ClInclude>
    <ClInclude Include="..\ncstreamer_ui\static\app\cef.js">
      <Filter>static\app</Filter>
    </ClInclude>
    <ClInclude Include="..\ncstreamer_ui\static\app\custom_style.js">
      <Filter>static\app</Filter>
    </ClInclude>
    <ClInclude Include="..\ncstreamer_ui\localized_texts.json" />
    <ClInclude Include="..\ncstreamer_ui\build_tools\generate_static_ui_per_locale.bat">
      <Filter>build_tools</Filter>
    </ClInclude>
    <ClInclude Include="..\ncstreamer_ui\build_tools\post_build_event.bat">
      <Filter>build_tools</Filter>
    </ClInclude>
    <ClInclude Include="..\ncstreamer_ui\static\lib\README.txt">
      <Filter>static\lib</Filter>
    </ClInclude>
  </ItemGroup>
</Project>